<?xml version="1.0" encoding="UTF-8"?>
<CONFIG>
  <ProjectOptions>
    <Version Value="11"/>
    <General>
      <SessionStorage Value="InProjectDir"/>
      <MainUnit Value="0"/>
      <Title Value="Backup Manager"/>
      <ResourceType Value="res"/>
      <UseXPManifest Value="True"/>
      <Icon Value="0"/>
    </General>
    <i18n>
      <EnableI18N LFM="False"/>
    </i18n>
    <VersionInfo>
      <UseVersionInfo Value="True"/>
      <AutoIncrementBuild Value="True"/>
      <MajorVersionNr Value="3"/>
      <RevisionNr Value="1"/>
      <BuildNr Value="83"/>
    </VersionInfo>
    <BuildModes Count="1">
      <Item1 Name="Default" Default="True"/>
    </BuildModes>
    <PublishOptions>
      <Version Value="2"/>
    </PublishOptions>
    <RunParams>
      <FormatVersion Value="2"/>
      <Modes Count="1">
        <Mode0 Name="default"/>
      </Modes>
    </RunParams>
    <RequiredPackages Count="4">
      <Item1>
        <PackageName Value="FCL"/>
      </Item1>
      <Item2>
        <PackageName Value="IDEIntf"/>
      </Item2>
      <Item3>
        <PackageName Value="SQLDBLaz"/>
      </Item3>
      <Item4>
        <PackageName Value="LCL"/>
      </Item4>
    </RequiredPackages>
    <Units Count="5">
      <Unit0>
        <Filename Value="LPMS_Backup.lpr"/>
        <IsPartOfProject Value="True"/>
      </Unit0>
      <Unit1>
        <Filename Value="ldbackupapp.pas"/>
        <IsPartOfProject Value="True"/>
        <ComponentName Value="FLPMSBackup"/>
        <HasResources Value="True"/>
        <ResourceBaseClass Value="Form"/>
        <UnitName Value="ldBackupApp"/>
      </Unit1>
      <Unit2>
        <Filename Value="ldbackupsmsconfig.pas"/>
        <IsPartOfProject Value="True"/>
        <ComponentName Value="FLPMSBackupSMSConfig"/>
        <HasResources Value="True"/>
        <ResourceBaseClass Value="Form"/>
        <UnitName Value="ldBackupSMSConfig"/>
      </Unit2>
      <Unit3>
        <Filename Value="ldbackupfirst.pas"/>
        <IsPartOfProject Value="True"/>
        <ComponentName Value="FLPMSBackupFirst"/>
        <HasResources Value="True"/>
        <ResourceBaseClass Value="Form"/>
      </Unit3>
      <Unit4>
        <Filename Value="LPMS Backup.cfg"/>
        <IsPartOfProject Value="True"/>
      </Unit4>
    </Units>
  </ProjectOptions>
  <CompilerOptions>
    <Version Value="11"/>
    <Target>
      <Filename Value="LPMS_Backup"/>
    </Target>
    <SearchPaths>
      <IncludeFiles Value="$(ProjOutDir);lib/i386-win32"/>
      <OtherUnitFiles Value="../required/DevTime/synapse40/source/lib"/>
      <UnitOutputDirectory Value="lib/$(TargetCPU)-$(TargetOS)"/>
    </SearchPaths>
    <Linking>
      <Options>
        <Win32>
          <GraphicApplication Value="True"/>
        </Win32>
      </Options>
    </Linking>
    <Other>
      <CompilerMessages>
        <IgnoredMessages idx9034="True" idx5024="True"/>
      </CompilerMessages>
    </Other>
  </CompilerOptions>
  <Debugging>
    <Exceptions Count="3">
      <Item1>
        <Name Value="EAbort"/>
      </Item1>
      <Item2>
        <Name Value="ECodetoolError"/>
      </Item2>
      <Item3>
        <Name Value="EFOpenError"/>
      </Item3>
    </Exceptions>
  </Debugging>
</CONFIG>
